# This file is automatically @generated by Cargo.
# It is not intended for manual editing.
[[package]]
name = "asm_lib"
version = "0.1.0"

[[package]]
name = "gen_lib"
version = "0.1.0"
dependencies = [
 "asm_lib 0.1.0",
 "lib 0.1.0",
 "simple-counter 0.1.0 (registry+https://github.com/rust-lang/crates.io-index)",
]

[[package]]
name = "lib"
version = "0.1.0"

[[package]]
name = "simple-counter"
version = "0.1.0"
source = "registry+https://github.com/rust-lang/crates.io-index"

[metadata]
"checksum simple-counter 0.1.0 (registry+https://github.com/rust-lang/crates.io-index)" = "4bb57743b52ea059937169c0061d70298fe2df1d2c988b44caae79dd979d9b49"
